
Microsoft Visual Studio Solution File, Format Version 12.00
# Visual Studio Version 16
VisualStudioVersion = 16.0.29403.142
MinimumVisualStudioVersion = 10.0.40219.1
Project("{9A19103F-16F7-4668-BE54-9A1E7A4F7556}") = "DevOpsDemo", "DevOpsDemo\DevOpsDemo.csproj", "{55A64290-CED7-40A2-A775-EEB9E984EF9B}"
EndProject
Project("{9A19103F-16F7-4668-BE54-9A1E7A4F7556}") = "DevOpsDemo.Tests", "DevOpsDemo.Tests\DevOpsDemo.Tests.csproj", "{5D25E68B-2C94-4C1E-995E-AC1FD44BECD0}"
EndProject
Global
	GlobalSection(SolutionConfigurationPlatforms) = preSolution
		Debug|Any CPU = Debug|Any CPU
		Release|Any CPU = Release|Any CPU
	EndGlobalSection
	GlobalSection(ProjectConfigurationPlatforms) = postSolution
		{55A64290-CED7-40A2-A775-EEB9E984EF9B}.Debug|Any CPU.ActiveCfg = Debug|Any CPU
		{55A64290-CED7-40A2-A775-EEB9E984EF9B}.Debug|Any CPU.Build.0 = Debug|Any CPU
		{55A64290-CED7-40A2-A775-EEB9E984EF9B}.Release|Any CPU.ActiveCfg = Release|Any CPU
		{55A64290-CED7-40A2-A775-EEB9E984EF9B}.Release|Any CPU.Build.0 = Release|Any CPU
		{5D25E68B-2C94-4C1E-995E-AC1FD44BECD0}.Debug|Any CPU.ActiveCfg = Debug|Any CPU
		{5D25E68B-2C94-4C1E-995E-AC1FD44BECD0}.Debug|Any CPU.Build.0 = Debug|Any CPU
		{5D25E68B-2C94-4C1E-995E-AC1FD44BECD0}.Release|Any CPU.ActiveCfg = Release|Any CPU
		{5D25E68B-2C94-4C1E-995E-AC1FD44BECD0}.Release|Any CPU.Build.0 = Release|Any CPU
	EndGlobalSection
	GlobalSection(SolutionProperties) = preSolution
		HideSolutionNode = FALSE
	EndGlobalSection
	GlobalSection(ExtensibilityGlobals) = postSolution
		SolutionGuid = {5218A068-3400-48A9-BB7C-43BEFDE4DC80}
	EndGlobalSection
EndGlobal
